# This file was autogenerated by Stack.
# You should not edit this file by hand.
# For more information, please see the documentation at:
#   https://docs.haskellstack.org/en/stable/lock_files

packages:
- completed:
    hackage: arithmoi-0.13.0.0@sha256:9f35c5bcb5e4b2bffcc49afd487be6dc246b10b3e5384461911a07065c3c101a,7581
    pantry-tree:
      sha256: 2118b2b4805a6a1a6791341bdbd801c10f317dc0c75105c04d5d261766b69f5f
      size: 9602
  original:
    hackage: arithmoi-0.13.0.0
snapshots: []
